
Microsoft Visual Studio Solution File, Format Version 12.00
Project("{FAE04EC0-301F-11D3-BF4B-00C04F79EFBC}") = "Shared.Core", "Shared.Core\Shared.Core.csproj", "{B3D60EF1-A64F-447A-A064-99146268C961}"
EndProject
Project("{2150E333-8FDC-42A3-9474-1A3956D46DE8}") = "Shared", "Shared", "{E0C474E3-4472-4E13-8838-4EE66CE4F8FF}"
EndProject
Project("{FAE04EC0-301F-11D3-BF4B-00C04F79EFBC}") = "Shared.Test", "Shared.Test\Shared.Test.csproj", "{3CFF7BBD-D1CB-45EC-937C-E1C92A21B45D}"
EndProject
Global
	GlobalSection(SolutionConfigurationPlatforms) = preSolution
		Debug|Any CPU = Debug|Any CPU
		Release|Any CPU = Release|Any CPU
	EndGlobalSection
	GlobalSection(ProjectConfigurationPlatforms) = postSolution
		{B3D60EF1-A64F-447A-A064-99146268C961}.Debug|Any CPU.ActiveCfg = Debug|Any CPU
		{B3D60EF1-A64F-447A-A064-99146268C961}.Debug|Any CPU.Build.0 = Debug|Any CPU
		{B3D60EF1-A64F-447A-A064-99146268C961}.Release|Any CPU.ActiveCfg = Release|Any CPU
		{B3D60EF1-A64F-447A-A064-99146268C961}.Release|Any CPU.Build.0 = Release|Any CPU
		{3CFF7BBD-D1CB-45EC-937C-E1C92A21B45D}.Debug|Any CPU.ActiveCfg = Debug|Any CPU
		{3CFF7BBD-D1CB-45EC-937C-E1C92A21B45D}.Debug|Any CPU.Build.0 = Debug|Any CPU
		{3CFF7BBD-D1CB-45EC-937C-E1C92A21B45D}.Release|Any CPU.ActiveCfg = Release|Any CPU
		{3CFF7BBD-D1CB-45EC-937C-E1C92A21B45D}.Release|Any CPU.Build.0 = Release|Any CPU
	EndGlobalSection
	GlobalSection(NestedProjects) = preSolution
		{B3D60EF1-A64F-447A-A064-99146268C961} = {E0C474E3-4472-4E13-8838-4EE66CE4F8FF}
		{3CFF7BBD-D1CB-45EC-937C-E1C92A21B45D} = {E0C474E3-4472-4E13-8838-4EE66CE4F8FF}
	EndGlobalSection
EndGlobal
