
Microsoft Visual Studio Solution File, Format Version 12.00
Project("{FAE04EC0-301F-11D3-BF4B-00C04F79EFBC}") = "Shared.Core", "Shared.Core\Shared.Core.csproj", "{B3D60EF1-A64F-447A-A064-99146268C961}"
EndProject
Project("{2150E333-8FDC-42A3-9474-1A3956D46DE8}") = "Shared", "Shared", "{E0C474E3-4472-4E13-8838-4EE66CE4F8FF}"
EndProject
Project("{FAE04EC0-301F-11D3-BF4B-00C04F79EFBC}") = "Shared.Application", "Shared.Application\Shared.Application.csproj", "{41BF78E4-52DD-45FA-A286-27AF54FBF335}"
EndProject
Project("{FAE04EC0-301F-11D3-BF4B-00C04F79EFBC}") = "Shared.Infrastructure", "Shared.Infrastructure\Shared.Infrastructure.csproj", "{64F48E48-0BAE-463A-A3F4-7F9CA72B583A}"
EndProject
Project("{2150E333-8FDC-42A3-9474-1A3956D46DE8}") = "Customer", "Customer", "{85193C8B-6682-4B5D-9B79-A599328FAF90}"
EndProject
Project("{FAE04EC0-301F-11D3-BF4B-00C04F79EFBC}") = "Customer.Core", "Customer.Core\Customer.Core.csproj", "{A8F9B04E-D609-4084-AB60-6AA1EE807A2F}"
EndProject
Project("{FAE04EC0-301F-11D3-BF4B-00C04F79EFBC}") = "Customer.Infrastructure", "Customer.Infrastructure\Customer.Infrastructure.csproj", "{1B266E03-93C7-4BBD-8AB7-D9464F55B783}"
EndProject
Project("{FAE04EC0-301F-11D3-BF4B-00C04F79EFBC}") = "Customer.Test", "Customer.Test\Customer.Test.csproj", "{090AF445-7272-4D2D-8FF6-53B911EEEE80}"
EndProject
Project("{FAE04EC0-301F-11D3-BF4B-00C04F79EFBC}") = "Customer.Application", "Customer.Application\Customer.Application.csproj", "{3DD69C54-9048-4B65-8A15-8A46CFA9B0E7}"
EndProject
Project("{2150E333-8FDC-42A3-9474-1A3956D46DE8}") = "Modules", "Modules", "{E01E4ADE-5DBF-4604-8E21-E7D9E6F96A0D}"
EndProject
Project("{2150E333-8FDC-42A3-9474-1A3956D46DE8}") = "API", "API", "{12115269-8C67-4BEC-AF8D-E154960A57EE}"
EndProject
Project("{FAE04EC0-301F-11D3-BF4B-00C04F79EFBC}") = "GymManagement.API", "GymManagement.API\GymManagement.API.csproj", "{5F2F2150-3ACC-45A1-BAD0-A92F6D330595}"
EndProject
Project("{2150E333-8FDC-42A3-9474-1A3956D46DE8}") = "Authorization-Authentication", "Authorization-Authentication", "{BA5324AF-50F3-4FE4-A22D-C6544B91A082}"
EndProject
Project("{FAE04EC0-301F-11D3-BF4B-00C04F79EFBC}") = "Authorization-Authentication", "Authorization-Authentication\Authorization-Authentication.csproj", "{9F429DFC-A5EC-49FA-B117-8E502C9BF48D}"
EndProject
Project("{FAE04EC0-301F-11D3-BF4B-00C04F79EFBC}") = "Auth.Test", "Auth.Test\Auth.Test.csproj", "{165D71CF-BC7C-4FD8-ABAA-AA2D4DEE3F3B}"
EndProject
Project("{FAE04EC0-301F-11D3-BF4B-00C04F79EFBC}") = "Shared.Presentation", "Shared.Presentation\Shared.Presentation.csproj", "{A7774357-BC2B-4690-94C5-4D823C818FE3}"
EndProject
Project("{FAE04EC0-301F-11D3-BF4B-00C04F79EFBC}") = "Modules.Shared", "Modules\Modules.Shared\Modules.Shared.csproj", "{721F9802-C7D6-47CB-A526-CE164B63C8BB}"
EndProject
Project("{2150E333-8FDC-42A3-9474-1A3956D46DE8}") = "Ledger", "Ledger", "{DD336D6A-E28F-4DFC-9F0D-9A42A57EF55B}"
EndProject
Project("{FAE04EC0-301F-11D3-BF4B-00C04F79EFBC}") = "Ledger.Test", "Modules\Ledger.Test\Ledger.Test.csproj", "{4E1E702C-31C4-49FF-82D4-7BEACE784E36}"
EndProject
Project("{FAE04EC0-301F-11D3-BF4B-00C04F79EFBC}") = "Ledger.Core", "Modules\Ledger.Core\Ledger.Core.csproj", "{FBECFBE0-7D86-4DB6-BFAE-77058C9A678D}"
EndProject
Project("{FAE04EC0-301F-11D3-BF4B-00C04F79EFBC}") = "Ledger.Application", "Modules\Ledger.Application\Ledger.Application.csproj", "{7BAE98A5-A362-42BD-BA12-65AFEA308C6F}"
EndProject
Project("{FAE04EC0-301F-11D3-BF4B-00C04F79EFBC}") = "Ledger.Infrastructure", "Modules\Ledger.Infrastructure\Ledger.Infrastructure.csproj", "{941346C4-CE90-4C6D-86C5-908DF38EB465}"
EndProject
Project("{FAE04EC0-301F-11D3-BF4B-00C04F79EFBC}") = "Auth.Entry", "Modules\Auth.Entry\Auth.Entry.csproj", "{CADD3FF6-BFD0-460B-8370-A247E12E2A88}"
EndProject
Global
	GlobalSection(SolutionConfigurationPlatforms) = preSolution
		Debug|Any CPU = Debug|Any CPU
		Release|Any CPU = Release|Any CPU
	EndGlobalSection
	GlobalSection(ProjectConfigurationPlatforms) = postSolution
		{B3D60EF1-A64F-447A-A064-99146268C961}.Debug|Any CPU.ActiveCfg = Debug|Any CPU
		{B3D60EF1-A64F-447A-A064-99146268C961}.Debug|Any CPU.Build.0 = Debug|Any CPU
		{B3D60EF1-A64F-447A-A064-99146268C961}.Release|Any CPU.ActiveCfg = Release|Any CPU
		{B3D60EF1-A64F-447A-A064-99146268C961}.Release|Any CPU.Build.0 = Release|Any CPU
		{41BF78E4-52DD-45FA-A286-27AF54FBF335}.Debug|Any CPU.ActiveCfg = Debug|Any CPU
		{41BF78E4-52DD-45FA-A286-27AF54FBF335}.Debug|Any CPU.Build.0 = Debug|Any CPU
		{41BF78E4-52DD-45FA-A286-27AF54FBF335}.Release|Any CPU.ActiveCfg = Release|Any CPU
		{41BF78E4-52DD-45FA-A286-27AF54FBF335}.Release|Any CPU.Build.0 = Release|Any CPU
		{64F48E48-0BAE-463A-A3F4-7F9CA72B583A}.Debug|Any CPU.ActiveCfg = Debug|Any CPU
		{64F48E48-0BAE-463A-A3F4-7F9CA72B583A}.Debug|Any CPU.Build.0 = Debug|Any CPU
		{64F48E48-0BAE-463A-A3F4-7F9CA72B583A}.Release|Any CPU.ActiveCfg = Release|Any CPU
		{64F48E48-0BAE-463A-A3F4-7F9CA72B583A}.Release|Any CPU.Build.0 = Release|Any CPU
		{A8F9B04E-D609-4084-AB60-6AA1EE807A2F}.Debug|Any CPU.ActiveCfg = Debug|Any CPU
		{A8F9B04E-D609-4084-AB60-6AA1EE807A2F}.Debug|Any CPU.Build.0 = Debug|Any CPU
		{A8F9B04E-D609-4084-AB60-6AA1EE807A2F}.Release|Any CPU.ActiveCfg = Release|Any CPU
		{A8F9B04E-D609-4084-AB60-6AA1EE807A2F}.Release|Any CPU.Build.0 = Release|Any CPU
		{1B266E03-93C7-4BBD-8AB7-D9464F55B783}.Debug|Any CPU.ActiveCfg = Debug|Any CPU
		{1B266E03-93C7-4BBD-8AB7-D9464F55B783}.Debug|Any CPU.Build.0 = Debug|Any CPU
		{1B266E03-93C7-4BBD-8AB7-D9464F55B783}.Release|Any CPU.ActiveCfg = Release|Any CPU
		{1B266E03-93C7-4BBD-8AB7-D9464F55B783}.Release|Any CPU.Build.0 = Release|Any CPU
		{090AF445-7272-4D2D-8FF6-53B911EEEE80}.Debug|Any CPU.ActiveCfg = Debug|Any CPU
		{090AF445-7272-4D2D-8FF6-53B911EEEE80}.Debug|Any CPU.Build.0 = Debug|Any CPU
		{090AF445-7272-4D2D-8FF6-53B911EEEE80}.Release|Any CPU.ActiveCfg = Release|Any CPU
		{090AF445-7272-4D2D-8FF6-53B911EEEE80}.Release|Any CPU.Build.0 = Release|Any CPU
		{3DD69C54-9048-4B65-8A15-8A46CFA9B0E7}.Debug|Any CPU.ActiveCfg = Debug|Any CPU
		{3DD69C54-9048-4B65-8A15-8A46CFA9B0E7}.Debug|Any CPU.Build.0 = Debug|Any CPU
		{3DD69C54-9048-4B65-8A15-8A46CFA9B0E7}.Release|Any CPU.ActiveCfg = Release|Any CPU
		{3DD69C54-9048-4B65-8A15-8A46CFA9B0E7}.Release|Any CPU.Build.0 = Release|Any CPU
		{5F2F2150-3ACC-45A1-BAD0-A92F6D330595}.Debug|Any CPU.ActiveCfg = Debug|Any CPU
		{5F2F2150-3ACC-45A1-BAD0-A92F6D330595}.Debug|Any CPU.Build.0 = Debug|Any CPU
		{5F2F2150-3ACC-45A1-BAD0-A92F6D330595}.Release|Any CPU.ActiveCfg = Release|Any CPU
		{5F2F2150-3ACC-45A1-BAD0-A92F6D330595}.Release|Any CPU.Build.0 = Release|Any CPU
		{9F429DFC-A5EC-49FA-B117-8E502C9BF48D}.Debug|Any CPU.ActiveCfg = Debug|Any CPU
		{9F429DFC-A5EC-49FA-B117-8E502C9BF48D}.Debug|Any CPU.Build.0 = Debug|Any CPU
		{9F429DFC-A5EC-49FA-B117-8E502C9BF48D}.Release|Any CPU.ActiveCfg = Release|Any CPU
		{9F429DFC-A5EC-49FA-B117-8E502C9BF48D}.Release|Any CPU.Build.0 = Release|Any CPU
		{165D71CF-BC7C-4FD8-ABAA-AA2D4DEE3F3B}.Debug|Any CPU.ActiveCfg = Debug|Any CPU
		{165D71CF-BC7C-4FD8-ABAA-AA2D4DEE3F3B}.Debug|Any CPU.Build.0 = Debug|Any CPU
		{165D71CF-BC7C-4FD8-ABAA-AA2D4DEE3F3B}.Release|Any CPU.ActiveCfg = Release|Any CPU
		{165D71CF-BC7C-4FD8-ABAA-AA2D4DEE3F3B}.Release|Any CPU.Build.0 = Release|Any CPU
		{A7774357-BC2B-4690-94C5-4D823C818FE3}.Debug|Any CPU.ActiveCfg = Debug|Any CPU
		{A7774357-BC2B-4690-94C5-4D823C818FE3}.Debug|Any CPU.Build.0 = Debug|Any CPU
		{A7774357-BC2B-4690-94C5-4D823C818FE3}.Release|Any CPU.ActiveCfg = Release|Any CPU
		{A7774357-BC2B-4690-94C5-4D823C818FE3}.Release|Any CPU.Build.0 = Release|Any CPU
		{721F9802-C7D6-47CB-A526-CE164B63C8BB}.Debug|Any CPU.ActiveCfg = Debug|Any CPU
		{721F9802-C7D6-47CB-A526-CE164B63C8BB}.Debug|Any CPU.Build.0 = Debug|Any CPU
		{721F9802-C7D6-47CB-A526-CE164B63C8BB}.Release|Any CPU.ActiveCfg = Release|Any CPU
		{721F9802-C7D6-47CB-A526-CE164B63C8BB}.Release|Any CPU.Build.0 = Release|Any CPU
		{4E1E702C-31C4-49FF-82D4-7BEACE784E36}.Debug|Any CPU.ActiveCfg = Debug|Any CPU
		{4E1E702C-31C4-49FF-82D4-7BEACE784E36}.Debug|Any CPU.Build.0 = Debug|Any CPU
		{4E1E702C-31C4-49FF-82D4-7BEACE784E36}.Release|Any CPU.ActiveCfg = Release|Any CPU
		{4E1E702C-31C4-49FF-82D4-7BEACE784E36}.Release|Any CPU.Build.0 = Release|Any CPU
		{FBECFBE0-7D86-4DB6-BFAE-77058C9A678D}.Debug|Any CPU.ActiveCfg = Debug|Any CPU
		{FBECFBE0-7D86-4DB6-BFAE-77058C9A678D}.Debug|Any CPU.Build.0 = Debug|Any CPU
		{FBECFBE0-7D86-4DB6-BFAE-77058C9A678D}.Release|Any CPU.ActiveCfg = Release|Any CPU
		{FBECFBE0-7D86-4DB6-BFAE-77058C9A678D}.Release|Any CPU.Build.0 = Release|Any CPU
		{7BAE98A5-A362-42BD-BA12-65AFEA308C6F}.Debug|Any CPU.ActiveCfg = Debug|Any CPU
		{7BAE98A5-A362-42BD-BA12-65AFEA308C6F}.Debug|Any CPU.Build.0 = Debug|Any CPU
		{7BAE98A5-A362-42BD-BA12-65AFEA308C6F}.Release|Any CPU.ActiveCfg = Release|Any CPU
		{7BAE98A5-A362-42BD-BA12-65AFEA308C6F}.Release|Any CPU.Build.0 = Release|Any CPU
		{941346C4-CE90-4C6D-86C5-908DF38EB465}.Debug|Any CPU.ActiveCfg = Debug|Any CPU
		{941346C4-CE90-4C6D-86C5-908DF38EB465}.Debug|Any CPU.Build.0 = Debug|Any CPU
		{941346C4-CE90-4C6D-86C5-908DF38EB465}.Release|Any CPU.ActiveCfg = Release|Any CPU
		{941346C4-CE90-4C6D-86C5-908DF38EB465}.Release|Any CPU.Build.0 = Release|Any CPU
		{CADD3FF6-BFD0-460B-8370-A247E12E2A88}.Debug|Any CPU.ActiveCfg = Debug|Any CPU
		{CADD3FF6-BFD0-460B-8370-A247E12E2A88}.Debug|Any CPU.Build.0 = Debug|Any CPU
		{CADD3FF6-BFD0-460B-8370-A247E12E2A88}.Release|Any CPU.ActiveCfg = Release|Any CPU
		{CADD3FF6-BFD0-460B-8370-A247E12E2A88}.Release|Any CPU.Build.0 = Release|Any CPU
	EndGlobalSection
	GlobalSection(NestedProjects) = preSolution
		{B3D60EF1-A64F-447A-A064-99146268C961} = {E0C474E3-4472-4E13-8838-4EE66CE4F8FF}
		{41BF78E4-52DD-45FA-A286-27AF54FBF335} = {E0C474E3-4472-4E13-8838-4EE66CE4F8FF}
		{64F48E48-0BAE-463A-A3F4-7F9CA72B583A} = {E0C474E3-4472-4E13-8838-4EE66CE4F8FF}
		{A8F9B04E-D609-4084-AB60-6AA1EE807A2F} = {85193C8B-6682-4B5D-9B79-A599328FAF90}
		{1B266E03-93C7-4BBD-8AB7-D9464F55B783} = {85193C8B-6682-4B5D-9B79-A599328FAF90}
		{090AF445-7272-4D2D-8FF6-53B911EEEE80} = {85193C8B-6682-4B5D-9B79-A599328FAF90}
		{3DD69C54-9048-4B65-8A15-8A46CFA9B0E7} = {85193C8B-6682-4B5D-9B79-A599328FAF90}
		{85193C8B-6682-4B5D-9B79-A599328FAF90} = {E01E4ADE-5DBF-4604-8E21-E7D9E6F96A0D}
		{5F2F2150-3ACC-45A1-BAD0-A92F6D330595} = {12115269-8C67-4BEC-AF8D-E154960A57EE}
		{BA5324AF-50F3-4FE4-A22D-C6544B91A082} = {E01E4ADE-5DBF-4604-8E21-E7D9E6F96A0D}
		{9F429DFC-A5EC-49FA-B117-8E502C9BF48D} = {BA5324AF-50F3-4FE4-A22D-C6544B91A082}
		{165D71CF-BC7C-4FD8-ABAA-AA2D4DEE3F3B} = {BA5324AF-50F3-4FE4-A22D-C6544B91A082}
		{A7774357-BC2B-4690-94C5-4D823C818FE3} = {E0C474E3-4472-4E13-8838-4EE66CE4F8FF}
		{721F9802-C7D6-47CB-A526-CE164B63C8BB} = {E01E4ADE-5DBF-4604-8E21-E7D9E6F96A0D}
		{DD336D6A-E28F-4DFC-9F0D-9A42A57EF55B} = {E01E4ADE-5DBF-4604-8E21-E7D9E6F96A0D}
		{4E1E702C-31C4-49FF-82D4-7BEACE784E36} = {DD336D6A-E28F-4DFC-9F0D-9A42A57EF55B}
		{FBECFBE0-7D86-4DB6-BFAE-77058C9A678D} = {DD336D6A-E28F-4DFC-9F0D-9A42A57EF55B}
		{7BAE98A5-A362-42BD-BA12-65AFEA308C6F} = {DD336D6A-E28F-4DFC-9F0D-9A42A57EF55B}
		{941346C4-CE90-4C6D-86C5-908DF38EB465} = {DD336D6A-E28F-4DFC-9F0D-9A42A57EF55B}
		{CADD3FF6-BFD0-460B-8370-A247E12E2A88} = {BA5324AF-50F3-4FE4-A22D-C6544B91A082}
	EndGlobalSection
EndGlobal
